<?xml version="1.0" encoding="utf-8"?>
<Project ToolsVersion="4.0" xmlns="http://schemas.microsoft.com/developer/msbuild/2003">
  <ItemGroup>
    <Filter Include="Source Files">
      <UniqueIdentifier>{d751dbd8-df4b-4dce-89bd-83617d77e5ba}</UniqueIdentifier>
      <Extensions>cpp;c;cxx;rc;def;r;odl;idl;hpj;bat</Extensions>
    </Filter>
    <Filter Include="Header Files">
      <UniqueIdentifier>{eedb5ce4-2f10-4a45-92ff-b27ec3f42988}</UniqueIdentifier>
      <Extensions>h;hpp;hxx;hm;inl</Extensions>
    </Filter>
    <Filter Include="Resource Files">
      <UniqueIdentifier>{a89ec099-d99b-4df3-a876-5ea2b07ed322}</UniqueIdentifier>
      <Extensions>ico;cur;bmp;dlg;rc2;rct;bin;rgs;gif;jpg;jpeg;jpe</Extensions>
    </Filter>
  </ItemGroup>
  <ItemGroup>
    <ClCompile Include="AddBatchInfor.cpp">
      <Filter>Source Files</Filter>
    </ClCompile>
    <ClCompile Include="BatchListCtrl.cpp">
      <Filter>Source Files</Filter>
    </ClCompile>
    <ClCompile Include="BatchOutput.cpp">
      <Filter>Source Files</Filter>
    </ClCompile>
    <ClCompile Include="BatchOutputOption.cpp">
      <Filter>Source Files</Filter>
    </ClCompile>
    <ClCompile Include="cOutputFiles.cpp">
      <Filter>Source Files</Filter>
    </ClCompile>
    <ClCompile Include="EnumInfo.cpp">
      <Filter>Source Files</Filter>
    </ClCompile>
    <ClCompile Include="FileDialogEx.cpp">
      <Filter>Source Files</Filter>
    </ClCompile>
    <ClCompile Include="LanguagePackInfo.cpp">
      <Filter>Source Files</Filter>
    </ClCompile>
    <ClCompile Include="MyProgressCtrl.cpp">
      <Filter>Source Files</Filter>
    </ClCompile>
    <ClCompile Include="StdAfx.cpp">
      <Filter>Source Files</Filter>
    </ClCompile>
    <ClCompile Include="VoiceDataManage.cpp">
      <Filter>Source Files</Filter>
    </ClCompile>
    <ClCompile Include="VoicePrompt.cpp">
      <Filter>Source Files</Filter>
    </ClCompile>
    <ClCompile Include="VoicePrompt_Option.cpp">
      <Filter>Source Files</Filter>
    </ClCompile>
    <ClCompile Include="VoicePromptDlg.cpp">
      <Filter>Source Files</Filter>
    </ClCompile>
    <ClCompile Include="VoicePromptListCtrl.cpp">
      <Filter>Source Files</Filter>
    </ClCompile>
  </ItemGroup>
  <ItemGroup>
    <ResourceCompile Include="VoicePrompt.rc">
      <Filter>Source Files</Filter>
    </ResourceCompile>
  </ItemGroup>
  <ItemGroup>
    <ClInclude Include="AddBatchInfor.h">
      <Filter>Header Files</Filter>
    </ClInclude>
    <ClInclude Include="BatchListCtrl.h">
      <Filter>Header Files</Filter>
    </ClInclude>
    <ClInclude Include="BatchOutput.h">
      <Filter>Header Files</Filter>
    </ClInclude>
    <ClInclude Include="BatchOutputOption.h">
      <Filter>Header Files</Filter>
    </ClInclude>
    <ClInclude Include="cOutputFiles.h">
      <Filter>Header Files</Filter>
    </ClInclude>
    <ClInclude Include="EnumInfo.h">
      <Filter>Header Files</Filter>
    </ClInclude>
    <ClInclude Include="FileDialogEx.h">
      <Filter>Header Files</Filter>
    </ClInclude>
    <ClInclude Include="LanguagePackInfo.h">
      <Filter>Header Files</Filter>
    </ClInclude>
    <ClInclude Include="MyProgressCtrl.h">
      <Filter>Header Files</Filter>
    </ClInclude>
    <ClInclude Include="Resource.h">
      <Filter>Header Files</Filter>
    </ClInclude>
    <ClInclude Include="StdAfx.h">
      <Filter>Header Files</Filter>
    </ClInclude>
    <ClInclude Include="VoiceDataManage.h">
      <Filter>Header Files</Filter>
    </ClInclude>
    <ClInclude Include="VoicePrompt.h">
      <Filter>Header Files</Filter>
    </ClInclude>
    <ClInclude Include="VoicePrompt_Option.h">
      <Filter>Header Files</Filter>
    </ClInclude>
    <ClInclude Include="VoicePromptDlg.h">
      <Filter>Header Files</Filter>
    </ClInclude>
    <ClInclude Include="voicepromptinfo.h">
      <Filter>Header Files</Filter>
    </ClInclude>
    <ClInclude Include="VoicePromptListCtrl.h">
      <Filter>Header Files</Filter>
    </ClInclude>
  </ItemGroup>
  <ItemGroup>
    <None Include="res\bitmap_d.bmp">
      <Filter>Resource Files</Filter>
    </None>
    <None Include="res\bitmap_m.bmp">
      <Filter>Resource Files</Filter>
    </None>
    <None Include="res\bitmap_t.bmp">
      <Filter>Resource Files</Filter>
    </None>
    <None Include="res\bitmap_u.bmp">
      <Filter>Resource Files</Filter>
    </None>
    <None Include="res\DEL.BMP">
      <Filter>Resource Files</Filter>
    </None>
    <None Include="res\NEW.BMP">
      <Filter>Resource Files</Filter>
    </None>
    <None Include="res\VoicePrompt.ico">
      <Filter>Resource Files</Filter>
    </None>
    <None Include="res\VoicePrompt.rc2">
      <Filter>Resource Files</Filter>
    </None>
    <None Include="ReadMe.txt" />
  </ItemGroup>
  <ItemGroup>
    <Library Include="Zlib.lib" />
  </ItemGroup>
</Project>